{
  "name": "sucessoes-numericas",
  "version": "1.0.0",
  "lockfileVersion": 3,
  "requires": true,
  "packages": {
    "": {
      "name": "sucessoes-numericas",
      "version": "1.0.0",
      "license": "ISC",
      "devDependencies": {
        "tslib": "^2.4.0",
        "typescript": "^4.8.3"
      }
    },
    "node_modules/tslib": {
      "version": "2.4.0",
      "dev": true,
      "license": "0BSD"
    },
    "node_modules/typescript": {
      "version": "4.8.3",
      "dev": true,
      "license": "Apache-2.0",
      "bin": {
        "tsc": "bin/tsc",
        "tsserver": "bin/tsserver"
      },
      "engines": {
        "node": ">=4.2.0"
      }
    }
  }
}
